
Microsoft Visual Studio Solution File, Format Version 12.00
# Visual Studio 15
VisualStudioVersion = 15.0.28307.852
MinimumVisualStudioVersion = 10.0.40219.1
Project("{FAE04EC0-301F-11D3-BF4B-00C04F79EFBC}") = "DronApp", "ConsoleApp1\DronApp.csproj", "{CE474E5E-4B79-46F9-B019-C934FC1BE69E}"
EndProject
Global
	GlobalSection(SolutionConfigurationPlatforms) = preSolution
		Debug|Any CPU = Debug|Any CPU
		Release|Any CPU = Release|Any CPU
	EndGlobalSection
	GlobalSection(ProjectConfigurationPlatforms) = postSolution
		{CE474E5E-4B79-46F9-B019-C934FC1BE69E}.Debug|Any CPU.ActiveCfg = Debug|Any CPU
		{CE474E5E-4B79-46F9-B019-C934FC1BE69E}.Debug|Any CPU.Build.0 = Debug|Any CPU
		{CE474E5E-4B79-46F9-B019-C934FC1BE69E}.Release|Any CPU.ActiveCfg = Release|Any CPU
		{CE474E5E-4B79-46F9-B019-C934FC1BE69E}.Release|Any CPU.Build.0 = Release|Any CPU
	EndGlobalSection
	GlobalSection(SolutionProperties) = preSolution
		HideSolutionNode = FALSE
	EndGlobalSection
	GlobalSection(ExtensibilityGlobals) = postSolution
		SolutionGuid = {6ACB7862-B649-47A6-96C4-04393D619F62}
	EndGlobalSection
EndGlobal
